// !$*UTF8*$!
{
	archiveVersion = 1;
	classes = {
	};
	objectVersion = 46;
	objects = {

/* Begin PBXBuildFile section */
		73B7E86E1C8448530060A9D7 /* main.m in Sources */ = {isa = PBXBuildFile; fileRef = 73B7E86D1C8448530060A9D7 /* main.m */; };
		73B7E8711C8448530060A9D7 /* AppDelegate.m in Sources */ = {isa = PBXBuildFile; fileRef = 73B7E8701C8448530060A9D7 /* AppDelegate.m */; };
		73B7E8741C8448530060A9D7 /* ViewController.m in Sources */ = {isa = PBXBuildFile; fileRef = 73B7E8731C8448530060A9D7 /* ViewController.m */; };
		73B7E8771C8448530060A9D7 /* Main.storyboard in Resources */ = {isa = PBXBuildFile; fileRef = 73B7E8751C8448530060A9D7 /* Main.storyboard */; };
		73B7E8791C8448530060A9D7 /* Assets.xcassets in Resources */ = {isa = PBXBuildFile; fileRef = 73B7E8781C8448530060A9D7 /* Assets.xcassets */; };
		73B7E87C1C8448530060A9D7 /* LaunchScreen.storyboard in Resources */ = {isa = PBXBuildFile; fileRef = 73B7E87A1C8448530060A9D7 /* LaunchScreen.storyboard */; };
		73B7E8AA1C84748F0060A9D7 /* BaseMethod.m in Sources */ = {isa = PBXBuildFile; fileRef = 73B7E89A1C84748F0060A9D7 /* BaseMethod.m */; };
		73B7E8AB1C84748F0060A9D7 /* DateUtils.m in Sources */ = {isa = PBXBuildFile; fileRef = 73B7E89C1C84748F0060A9D7 /* DateUtils.m */; };
		73B7E8AC1C84748F0060A9D7 /* HandleString.m in Sources */ = {isa = PBXBuildFile; fileRef = 73B7E89E1C84748F0060A9D7 /* HandleString.m */; };
		73B7E8AD1C84748F0060A9D7 /* ApiConfig.m in Sources */ = {isa = PBXBuildFile; fileRef = 73B7E8A11C84748F0060A9D7 /* ApiConfig.m */; };
		73B7E8AE1C84748F0060A9D7 /* Request.m in Sources */ = {isa = PBXBuildFile; fileRef = 73B7E8A31C84748F0060A9D7 /* Request.m */; };
		73B7E8AF1C84748F0060A9D7 /* Response.m in Sources */ = {isa = PBXBuildFile; fileRef = 73B7E8A51C84748F0060A9D7 /* Response.m */; };
		73B7E8B01C84748F0060A9D7 /* Service.m in Sources */ = {isa = PBXBuildFile; fileRef = 73B7E8A71C84748F0060A9D7 /* Service.m */; };
		73B7E8B91C847B920060A9D7 /* ItemRequest.m in Sources */ = {isa = PBXBuildFile; fileRef = 73B7E8B81C847B920060A9D7 /* ItemRequest.m */; };
		73B7E8BC1C847F720060A9D7 /* ItemModel.m in Sources */ = {isa = PBXBuildFile; fileRef = 73B7E8BB1C847F720060A9D7 /* ItemModel.m */; };
		73B7E8D11C85B86D0060A9D7 /* MainView.m in Sources */ = {isa = PBXBuildFile; fileRef = 73B7E8D01C85B86D0060A9D7 /* MainView.m */; };
		73B7E8D51C85B97C0060A9D7 /* MainTableViewCell.m in Sources */ = {isa = PBXBuildFile; fileRef = 73B7E8D41C85B97C0060A9D7 /* MainTableViewCell.m */; };
		73B7E8D81C85C6BF0060A9D7 /* OperateItemViewController.m in Sources */ = {isa = PBXBuildFile; fileRef = 73B7E8D71C85C6BF0060A9D7 /* OperateItemViewController.m */; };
		73B7E8DB1C85C6D40060A9D7 /* OperateItemView.m in Sources */ = {isa = PBXBuildFile; fileRef = 73B7E8DA1C85C6D40060A9D7 /* OperateItemView.m */; };
		780EB355B0E1F69F5E24CC3E /* libPods.a in Frameworks */ = {isa = PBXBuildFile; fileRef = 5290A127BE44AD028A860BB5 /* libPods.a */; };
/* End PBXBuildFile section */

/* Begin PBXFileReference section */
		5290A127BE44AD028A860BB5 /* libPods.a */ = {isa = PBXFileReference; explicitFileType = archive.ar; includeInIndex = 0; path = libPods.a; sourceTree = BUILT_PRODUCTS_DIR; };
		73B7E8691C8448530060A9D7 /* Yunzao.app */ = {isa = PBXFileReference; explicitFileType = wrapper.application; includeInIndex = 0; path = Yunzao.app; sourceTree = BUILT_PRODUCTS_DIR; };
		73B7E86D1C8448530060A9D7 /* main.m */ = {isa = PBXFileReference; lastKnownFileType = sourcecode.c.objc; path = main.m; sourceTree = "<group>"; };
		73B7E86F1C8448530060A9D7 /* AppDelegate.h */ = {isa = PBXFileReference; lastKnownFileType = sourcecode.c.h; path = AppDelegate.h; sourceTree = "<group>"; };
		73B7E8701C8448530060A9D7 /* AppDelegate.m */ = {isa = PBXFileReference; lastKnownFileType = sourcecode.c.objc; path = AppDelegate.m; sourceTree = "<group>"; };
		73B7E8721C8448530060A9D7 /* ViewController.h */ = {isa = PBXFileReference; lastKnownFileType = sourcecode.c.h; name = ViewController.h; path = ../../ViewController.h; sourceTree = "<group>"; };
		73B7E8731C8448530060A9D7 /* ViewController.m */ = {isa = PBXFileReference; lastKnownFileType = sourcecode.c.objc; name = ViewController.m; path = ../../ViewController.m; sourceTree = "<group>"; };
		73B7E8761C8448530060A9D7 /* Base */ = {isa = PBXFileReference; lastKnownFileType = file.storyboard; name = Base; path = Base.lproj/Main.storyboard; sourceTree = "<group>"; };
		73B7E8781C8448530060A9D7 /* Assets.xcassets */ = {isa = PBXFileReference; lastKnownFileType = folder.assetcatalog; path = Assets.xcassets; sourceTree = "<group>"; };
		73B7E87B1C8448530060A9D7 /* Base */ = {isa = PBXFileReference; lastKnownFileType = file.storyboard; name = Base; path = Base.lproj/LaunchScreen.storyboard; sourceTree = "<group>"; };
		73B7E87D1C8448530060A9D7 /* Info.plist */ = {isa = PBXFileReference; lastKnownFileType = text.plist.xml; path = Info.plist; sourceTree = "<group>"; };
		73B7E8991C84748F0060A9D7 /* BaseMethod.h */ = {isa = PBXFileReference; fileEncoding = 4; lastKnownFileType = sourcecode.c.h; path = BaseMethod.h; sourceTree = "<group>"; };
		73B7E89A1C84748F0060A9D7 /* BaseMethod.m */ = {isa = PBXFileReference; fileEncoding = 4; lastKnownFileType = sourcecode.c.objc; path = BaseMethod.m; sourceTree = "<group>"; };
		73B7E89B1C84748F0060A9D7 /* DateUtils.h */ = {isa = PBXFileReference; fileEncoding = 4; lastKnownFileType = sourcecode.c.h; path = DateUtils.h; sourceTree = "<group>"; };
		73B7E89C1C84748F0060A9D7 /* DateUtils.m */ = {isa = PBXFileReference; fileEncoding = 4; lastKnownFileType = sourcecode.c.objc; path = DateUtils.m; sourceTree = "<group>"; };
		73B7E89D1C84748F0060A9D7 /* HandleString.h */ = {isa = PBXFileReference; fileEncoding = 4; lastKnownFileType = sourcecode.c.h; path = HandleString.h; sourceTree = "<group>"; };
		73B7E89E1C84748F0060A9D7 /* HandleString.m */ = {isa = PBXFileReference; fileEncoding = 4; lastKnownFileType = sourcecode.c.objc; path = HandleString.m; sourceTree = "<group>"; };
		73B7E8A01C84748F0060A9D7 /* ApiConfig.h */ = {isa = PBXFileReference; fileEncoding = 4; lastKnownFileType = sourcecode.c.h; path = ApiConfig.h; sourceTree = "<group>"; };
		73B7E8A11C84748F0060A9D7 /* ApiConfig.m */ = {isa = PBXFileReference; fileEncoding = 4; lastKnownFileType = sourcecode.c.objc; path = ApiConfig.m; sourceTree = "<group>"; };
		73B7E8A21C84748F0060A9D7 /* Request.h */ = {isa = PBXFileReference; fileEncoding = 4; lastKnownFileType = sourcecode.c.h; path = Request.h; sourceTree = "<group>"; };
		73B7E8A31C84748F0060A9D7 /* Request.m */ = {isa = PBXFileReference; fileEncoding = 4; lastKnownFileType = sourcecode.c.objc; path = Request.m; sourceTree = "<group>"; };
		73B7E8A41C84748F0060A9D7 /* Response.h */ = {isa = PBXFileReference; fileEncoding = 4; lastKnownFileType = sourcecode.c.h; path = Response.h; sourceTree = "<group>"; };
		73B7E8A51C84748F0060A9D7 /* Response.m */ = {isa = PBXFileReference; fileEncoding = 4; lastKnownFileType = sourcecode.c.objc; path = Response.m; sourceTree = "<group>"; };
		73B7E8A61C84748F0060A9D7 /* Service.h */ = {isa = PBXFileReference; fileEncoding = 4; lastKnownFileType = sourcecode.c.h; path = Service.h; sourceTree = "<group>"; };
		73B7E8A71C84748F0060A9D7 /* Service.m */ = {isa = PBXFileReference; fileEncoding = 4; lastKnownFileType = sourcecode.c.objc; path = Service.m; sourceTree = "<group>"; };
		73B7E8B21C8475190060A9D7 /* PrefixHeader.pch */ = {isa = PBXFileReference; lastKnownFileType = sourcecode.c.h; path = PrefixHeader.pch; sourceTree = "<group>"; };
		73B7E8B71C847B920060A9D7 /* ItemRequest.h */ = {isa = PBXFileReference; fileEncoding = 4; lastKnownFileType = sourcecode.c.h; path = ItemRequest.h; sourceTree = "<group>"; };
		73B7E8B81C847B920060A9D7 /* ItemRequest.m */ = {isa = PBXFileReference; fileEncoding = 4; lastKnownFileType = sourcecode.c.objc; path = ItemRequest.m; sourceTree = "<group>"; };
		73B7E8BA1C847F720060A9D7 /* ItemModel.h */ = {isa = PBXFileReference; fileEncoding = 4; lastKnownFileType = sourcecode.c.h; path = ItemModel.h; sourceTree = "<group>"; };
		73B7E8BB1C847F720060A9D7 /* ItemModel.m */ = {isa = PBXFileReference; fileEncoding = 4; lastKnownFileType = sourcecode.c.objc; path = ItemModel.m; sourceTree = "<group>"; };
		73B7E8CF1C85B86D0060A9D7 /* MainView.h */ = {isa = PBXFileReference; fileEncoding = 4; lastKnownFileType = sourcecode.c.h; path = MainView.h; sourceTree = "<group>"; };
		73B7E8D01C85B86D0060A9D7 /* MainView.m */ = {isa = PBXFileReference; fileEncoding = 4; lastKnownFileType = sourcecode.c.objc; path = MainView.m; sourceTree = "<group>"; };
		73B7E8D31C85B97C0060A9D7 /* MainTableViewCell.h */ = {isa = PBXFileReference; fileEncoding = 4; lastKnownFileType = sourcecode.c.h; path = MainTableViewCell.h; sourceTree = "<group>"; };
		73B7E8D41C85B97C0060A9D7 /* MainTableViewCell.m */ = {isa = PBXFileReference; fileEncoding = 4; lastKnownFileType = sourcecode.c.objc; path = MainTableViewCell.m; sourceTree = "<group>"; };
		73B7E8D61C85C6BF0060A9D7 /* OperateItemViewController.h */ = {isa = PBXFileReference; fileEncoding = 4; lastKnownFileType = sourcecode.c.h; path = OperateItemViewController.h; sourceTree = "<group>"; };
		73B7E8D71C85C6BF0060A9D7 /* OperateItemViewController.m */ = {isa = PBXFileReference; fileEncoding = 4; lastKnownFileType = sourcecode.c.objc; path = OperateItemViewController.m; sourceTree = "<group>"; };
		73B7E8D91C85C6D40060A9D7 /* OperateItemView.h */ = {isa = PBXFileReference; fileEncoding = 4; lastKnownFileType = sourcecode.c.h; path = OperateItemView.h; sourceTree = "<group>"; };
		73B7E8DA1C85C6D40060A9D7 /* OperateItemView.m */ = {isa = PBXFileReference; fileEncoding = 4; lastKnownFileType = sourcecode.c.objc; path = OperateItemView.m; sourceTree = "<group>"; };
		810F91EB6E2AE48DBF98C60D /* Pods.release.xcconfig */ = {isa = PBXFileReference; includeInIndex = 1; lastKnownFileType = text.xcconfig; name = Pods.release.xcconfig; path = "Pods/Target Support Files/Pods/Pods.release.xcconfig"; sourceTree = "<group>"; };
		FD03766D4FDDCE784A4A4EE0 /* Pods.debug.xcconfig */ = {isa = PBXFileReference; includeInIndex = 1; lastKnownFileType = text.xcconfig; name = Pods.debug.xcconfig; path = "Pods/Target Support Files/Pods/Pods.debug.xcconfig"; sourceTree = "<group>"; };
/* End PBXFileReference section */

/* Begin PBXFrameworksBuildPhase section */
		73B7E8661C8448530060A9D7 /* Frameworks */ = {
			isa = PBXFrameworksBuildPhase;
			buildActionMask = 2147483647;
			files = (
				780EB355B0E1F69F5E24CC3E /* libPods.a in Frameworks */,
			);
			runOnlyForDeploymentPostprocessing = 0;
		};
/* End PBXFrameworksBuildPhase section */

/* Begin PBXGroup section */
		093D3166134988F0BE5C73A7 /* Pods */ = {
			isa = PBXGroup;
			children = (
				FD03766D4FDDCE784A4A4EE0 /* Pods.debug.xcconfig */,
				810F91EB6E2AE48DBF98C60D /* Pods.release.xcconfig */,
			);
			name = Pods;
			sourceTree = "<group>";
		};
		73B7E8601C8448530060A9D7 = {
			isa = PBXGroup;
			children = (
				73B7E86B1C8448530060A9D7 /* Yunzao */,
				73B7E86A1C8448530060A9D7 /* Products */,
				093D3166134988F0BE5C73A7 /* Pods */,
				8100FF9DB145DD648AB94C14 /* Frameworks */,
			);
			sourceTree = "<group>";
		};
		73B7E86A1C8448530060A9D7 /* Products */ = {
			isa = PBXGroup;
			children = (
				73B7E8691C8448530060A9D7 /* Yunzao.app */,
			);
			name = Products;
			sourceTree = "<group>";
		};
		73B7E86B1C8448530060A9D7 /* Yunzao */ = {
			isa = PBXGroup;
			children = (
				73B7E8B31C847AF40060A9D7 /* Main */,
				73B7E8961C84748F0060A9D7 /* Busseness */,
				73B7E8971C84748F0060A9D7 /* Lib */,
				73B7E86F1C8448530060A9D7 /* AppDelegate.h */,
				73B7E8701C8448530060A9D7 /* AppDelegate.m */,
				73B7E8B21C8475190060A9D7 /* PrefixHeader.pch */,
				73B7E86C1C8448530060A9D7 /* Supporting Files */,
			);
			path = Yunzao;
			sourceTree = "<group>";
		};
		73B7E86C1C8448530060A9D7 /* Supporting Files */ = {
			isa = PBXGroup;
			children = (
				73B7E8751C8448530060A9D7 /* Main.storyboard */,
				73B7E8781C8448530060A9D7 /* Assets.xcassets */,
				73B7E87A1C8448530060A9D7 /* LaunchScreen.storyboard */,
				73B7E87D1C8448530060A9D7 /* Info.plist */,
				73B7E86D1C8448530060A9D7 /* main.m */,
			);
			name = "Supporting Files";
			sourceTree = "<group>";
		};
		73B7E8961C84748F0060A9D7 /* Busseness */ = {
			isa = PBXGroup;
			children = (
				73B7E8B71C847B920060A9D7 /* ItemRequest.h */,
				73B7E8B81C847B920060A9D7 /* ItemRequest.m */,
			);
			path = Busseness;
			sourceTree = "<group>";
		};
		73B7E8971C84748F0060A9D7 /* Lib */ = {
			isa = PBXGroup;
			children = (
				73B7E8981C84748F0060A9D7 /* Base */,
				73B7E89F1C84748F0060A9D7 /* NetWork */,
			);
			path = Lib;
			sourceTree = "<group>";
		};
		73B7E8981C84748F0060A9D7 /* Base */ = {
			isa = PBXGroup;
			children = (
				73B7E8991C84748F0060A9D7 /* BaseMethod.h */,
				73B7E89A1C84748F0060A9D7 /* BaseMethod.m */,
				73B7E89B1C84748F0060A9D7 /* DateUtils.h */,
				73B7E89C1C84748F0060A9D7 /* DateUtils.m */,
				73B7E89D1C84748F0060A9D7 /* HandleString.h */,
				73B7E89E1C84748F0060A9D7 /* HandleString.m */,
			);
			path = Base;
			sourceTree = "<group>";
		};
		73B7E89F1C84748F0060A9D7 /* NetWork */ = {
			isa = PBXGroup;
			children = (
				73B7E8A01C84748F0060A9D7 /* ApiConfig.h */,
				73B7E8A11C84748F0060A9D7 /* ApiConfig.m */,
				73B7E8A21C84748F0060A9D7 /* Request.h */,
				73B7E8A31C84748F0060A9D7 /* Request.m */,
				73B7E8A41C84748F0060A9D7 /* Response.h */,
				73B7E8A51C84748F0060A9D7 /* Response.m */,
				73B7E8A61C84748F0060A9D7 /* Service.h */,
				73B7E8A71C84748F0060A9D7 /* Service.m */,
			);
			path = NetWork;
			sourceTree = "<group>";
		};
		73B7E8B31C847AF40060A9D7 /* Main */ = {
			isa = PBXGroup;
			children = (
				73B7E8D21C85B95D0060A9D7 /* Cell */,
				73B7E8B41C847AF40060A9D7 /* Controller */,
				73B7E8B51C847AF40060A9D7 /* Model */,
				73B7E8B61C847AF40060A9D7 /* View */,
			);
			path = Main;
			sourceTree = "<group>";
		};
		73B7E8B41C847AF40060A9D7 /* Controller */ = {
			isa = PBXGroup;
			children = (
				73B7E8721C8448530060A9D7 /* ViewController.h */,
				73B7E8731C8448530060A9D7 /* ViewController.m */,
				73B7E8D61C85C6BF0060A9D7 /* OperateItemViewController.h */,
				73B7E8D71C85C6BF0060A9D7 /* OperateItemViewController.m */,
			);
			path = Controller;
			sourceTree = "<group>";
		};
		73B7E8B51C847AF40060A9D7 /* Model */ = {
			isa = PBXGroup;
			children = (
				73B7E8BA1C847F720060A9D7 /* ItemModel.h */,
				73B7E8BB1C847F720060A9D7 /* ItemModel.m */,
			);
			path = Model;
			sourceTree = "<group>";
		};
		73B7E8B61C847AF40060A9D7 /* View */ = {
			isa = PBXGroup;
			children = (
				73B7E8CF1C85B86D0060A9D7 /* MainView.h */,
				73B7E8D01C85B86D0060A9D7 /* MainView.m */,
				73B7E8D91C85C6D40060A9D7 /* OperateItemView.h */,
				73B7E8DA1C85C6D40060A9D7 /* OperateItemView.m */,
			);
			path = View;
			sourceTree = "<group>";
		};
		73B7E8D21C85B95D0060A9D7 /* Cell */ = {
			isa = PBXGroup;
			children = (
				73B7E8D31C85B97C0060A9D7 /* MainTableViewCell.h */,
				73B7E8D41C85B97C0060A9D7 /* MainTableViewCell.m */,
			);
			path = Cell;
			sourceTree = "<group>";
		};
		8100FF9DB145DD648AB94C14 /* Frameworks */ = {
			isa = PBXGroup;
			children = (
				5290A127BE44AD028A860BB5 /* libPods.a */,
			);
			name = Frameworks;
			sourceTree = "<group>";
		};
/* End PBXGroup section */

/* Begin PBXNativeTarget section */
		73B7E8681C8448530060A9D7 /* Yunzao */ = {
			isa = PBXNativeTarget;
			buildConfigurationList = 73B7E8801C8448530060A9D7 /* Build configuration list for PBXNativeTarget "Yunzao" */;
			buildPhases = (
				BD1C30E7F21070B7C273583C /* Check Pods Manifest.lock */,
				73B7E8651C8448530060A9D7 /* Sources */,
				73B7E8661C8448530060A9D7 /* Frameworks */,
				73B7E8671C8448530060A9D7 /* Resources */,
				380EA8C20BF0DD7E821864EE /* Copy Pods Resources */,
			);
			buildRules = (
			);
			dependencies = (
			);
			name = Yunzao;
			productName = Yunzao;
			productReference = 73B7E8691C8448530060A9D7 /* Yunzao.app */;
			productType = "com.apple.product-type.application";
		};
/* End PBXNativeTarget section */

/* Begin PBXProject section */
		73B7E8611C8448530060A9D7 /* Project object */ = {
			isa = PBXProject;
			attributes = {
				LastUpgradeCheck = 0720;
				ORGANIZATIONNAME = "季勤强";
				TargetAttributes = {
					73B7E8681C8448530060A9D7 = {
						CreatedOnToolsVersion = 7.2;
					};
				};
			};
			buildConfigurationList = 73B7E8641C8448530060A9D7 /* Build configuration list for PBXProject "Yunzao" */;
			compatibilityVersion = "Xcode 3.2";
			developmentRegion = English;
			hasScannedForEncodings = 0;
			knownRegions = (
				en,
				Base,
			);
			mainGroup = 73B7E8601C8448530060A9D7;
			productRefGroup = 73B7E86A1C8448530060A9D7 /* Products */;
			projectDirPath = "";
			projectRoot = "";
			targets = (
				73B7E8681C8448530060A9D7 /* Yunzao */,
			);
		};
/* End PBXProject section */

/* Begin PBXResourcesBuildPhase section */
		73B7E8671C8448530060A9D7 /* Resources */ = {
			isa = PBXResourcesBuildPhase;
			buildActionMask = 2147483647;
			files = (
				73B7E87C1C8448530060A9D7 /* LaunchScreen.storyboard in Resources */,
				73B7E8791C8448530060A9D7 /* Assets.xcassets in Resources */,
				73B7E8771C8448530060A9D7 /* Main.storyboard in Resources */,
			);
			runOnlyForDeploymentPostprocessing = 0;
		};
/* End PBXResourcesBuildPhase section */

/* Begin PBXShellScriptBuildPhase section */
		380EA8C20BF0DD7E821864EE /* Copy Pods Resources */ = {
			isa = PBXShellScriptBuildPhase;
			buildActionMask = 2147483647;
			files = (
			);
			inputPaths = (
			);
			name = "Copy Pods Resources";
			outputPaths = (
			);
			runOnlyForDeploymentPostprocessing = 0;
			shellPath = /bin/sh;
			shellScript = "\"${SRCROOT}/Pods/Target Support Files/Pods/Pods-resources.sh\"\n";
			showEnvVarsInLog = 0;
		};
		BD1C30E7F21070B7C273583C /* Check Pods Manifest.lock */ = {
			isa = PBXShellScriptBuildPhase;
			buildActionMask = 2147483647;
			files = (
			);
			inputPaths = (
			);
			name = "Check Pods Manifest.lock";
			outputPaths = (
			);
			runOnlyForDeploymentPostprocessing = 0;
			shellPath = /bin/sh;
			shellScript = "diff \"${PODS_ROOT}/../Podfile.lock\" \"${PODS_ROOT}/Manifest.lock\" > /dev/null\nif [[ $? != 0 ]] ; then\n    cat << EOM\nerror: The sandbox is not in sync with the Podfile.lock. Run 'pod install' or update your CocoaPods installation.\nEOM\n    exit 1\nfi\n";
			showEnvVarsInLog = 0;
		};
/* End PBXShellScriptBuildPhase section */

/* Begin PBXSourcesBuildPhase section */
		73B7E8651C8448530060A9D7 /* Sources */ = {
			isa = PBXSourcesBuildPhase;
			buildActionMask = 2147483647;
			files = (
				73B7E8B91C847B920060A9D7 /* ItemRequest.m in Sources */,
				73B7E8741C8448530060A9D7 /* ViewController.m in Sources */,
				73B7E8D51C85B97C0060A9D7 /* MainTableViewCell.m in Sources */,
				73B7E8D81C85C6BF0060A9D7 /* OperateItemViewController.m in Sources */,
				73B7E8711C8448530060A9D7 /* AppDelegate.m in Sources */,
				73B7E8AC1C84748F0060A9D7 /* HandleString.m in Sources */,
				73B7E8DB1C85C6D40060A9D7 /* OperateItemView.m in Sources */,
				73B7E86E1C8448530060A9D7 /* main.m in Sources */,
				73B7E8D11C85B86D0060A9D7 /* MainView.m in Sources */,
				73B7E8AD1C84748F0060A9D7 /* ApiConfig.m in Sources */,
				73B7E8BC1C847F720060A9D7 /* ItemModel.m in Sources */,
				73B7E8B01C84748F0060A9D7 /* Service.m in Sources */,
				73B7E8AE1C84748F0060A9D7 /* Request.m in Sources */,
				73B7E8AF1C84748F0060A9D7 /* Response.m in Sources */,
				73B7E8AA1C84748F0060A9D7 /* BaseMethod.m in Sources */,
				73B7E8AB1C84748F0060A9D7 /* DateUtils.m in Sources */,
			);
			runOnlyForDeploymentPostprocessing = 0;
		};
/* End PBXSourcesBuildPhase section */

/* Begin PBXVariantGroup section */
		73B7E8751C8448530060A9D7 /* Main.storyboard */ = {
			isa = PBXVariantGroup;
			children = (
				73B7E8761C8448530060A9D7 /* Base */,
			);
			name = Main.storyboard;
			sourceTree = "<group>";
		};
		73B7E87A1C8448530060A9D7 /* LaunchScreen.storyboard */ = {
			isa = PBXVariantGroup;
			children = (
				73B7E87B1C8448530060A9D7 /* Base */,
			);
			name = LaunchScreen.storyboard;
			sourceTree = "<group>";
		};
/* End PBXVariantGroup section */

/* Begin XCBuildConfiguration section */
		73B7E87E1C8448530060A9D7 /* Debug */ = {
			isa = XCBuildConfiguration;
			buildSettings = {
				ALWAYS_SEARCH_USER_PATHS = NO;
				CLANG_CXX_LANGUAGE_STANDARD = "gnu++0x";
				CLANG_CXX_LIBRARY = "libc++";
				CLANG_ENABLE_MODULES = YES;
				CLANG_ENABLE_OBJC_ARC = YES;
				CLANG_WARN_BOOL_CONVERSION = YES;
				CLANG_WARN_CONSTANT_CONVERSION = YES;
				CLANG_WARN_DIRECT_OBJC_ISA_USAGE = YES_ERROR;
				CLANG_WARN_EMPTY_BODY = YES;
				CLANG_WARN_ENUM_CONVERSION = YES;
				CLANG_WARN_INT_CONVERSION = YES;
				CLANG_WARN_OBJC_ROOT_CLASS = YES_ERROR;
				CLANG_WARN_UNREACHABLE_CODE = YES;
				CLANG_WARN__DUPLICATE_METHOD_MATCH = YES;
				"CODE_SIGN_IDENTITY[sdk=iphoneos*]" = "iPhone Developer";
				COPY_PHASE_STRIP = NO;
				DEBUG_INFORMATION_FORMAT = dwarf;
				ENABLE_STRICT_OBJC_MSGSEND = YES;
				ENABLE_TESTABILITY = YES;
				GCC_C_LANGUAGE_STANDARD = gnu99;
				GCC_DYNAMIC_NO_PIC = NO;
				GCC_NO_COMMON_BLOCKS = YES;
				GCC_OPTIMIZATION_LEVEL = 0;
				GCC_PREPROCESSOR_DEFINITIONS = (
					"DEBUG=1",
					"$(inherited)",
				);
				GCC_WARN_64_TO_32_BIT_CONVERSION = YES;
				GCC_WARN_ABOUT_RETURN_TYPE = YES_ERROR;
				GCC_WARN_UNDECLARED_SELECTOR = YES;
				GCC_WARN_UNINITIALIZED_AUTOS = YES_AGGRESSIVE;
				GCC_WARN_UNUSED_FUNCTION = YES;
				GCC_WARN_UNUSED_VARIABLE = YES;
				IPHONEOS_DEPLOYMENT_TARGET = 9.2;
				MTL_ENABLE_DEBUG_INFO = YES;
				ONLY_ACTIVE_ARCH = YES;
				SDKROOT = iphoneos;
			};
			name = Debug;
		};
		73B7E87F1C8448530060A9D7 /* Release */ = {
			isa = XCBuildConfiguration;
			buildSettings = {
				ALWAYS_SEARCH_USER_PATHS = NO;
				CLANG_CXX_LANGUAGE_STANDARD = "gnu++0x";
				CLANG_CXX_LIBRARY = "libc++";
				CLANG_ENABLE_MODULES = YES;
				CLANG_ENABLE_OBJC_ARC = YES;
				CLANG_WARN_BOOL_CONVERSION = YES;
				CLANG_WARN_CONSTANT_CONVERSION = YES;
				CLANG_WARN_DIRECT_OBJC_ISA_USAGE = YES_ERROR;
				CLANG_WARN_EMPTY_BODY = YES;
				CLANG_WARN_ENUM_CONVERSION = YES;
				CLANG_WARN_INT_CONVERSION = YES;
				CLANG_WARN_OBJC_ROOT_CLASS = YES_ERROR;
				CLANG_WARN_UNREACHABLE_CODE = YES;
				CLANG_WARN__DUPLICATE_METHOD_MATCH = YES;
				"CODE_SIGN_IDENTITY[sdk=iphoneos*]" = "iPhone Developer";
				COPY_PHASE_STRIP = NO;
				DEBUG_INFORMATION_FORMAT = "dwarf-with-dsym";
				ENABLE_NS_ASSERTIONS = NO;
				ENABLE_STRICT_OBJC_MSGSEND = YES;
				GCC_C_LANGUAGE_STANDARD = gnu99;
				GCC_NO_COMMON_BLOCKS = YES;
				GCC_WARN_64_TO_32_BIT_CONVERSION = YES;
				GCC_WARN_ABOUT_RETURN_TYPE = YES_ERROR;
				GCC_WARN_UNDECLARED_SELECTOR = YES;
				GCC_WARN_UNINITIALIZED_AUTOS = YES_AGGRESSIVE;
				GCC_WARN_UNUSED_FUNCTION = YES;
				GCC_WARN_UNUSED_VARIABLE = YES;
				IPHONEOS_DEPLOYMENT_TARGET = 9.2;
				MTL_ENABLE_DEBUG_INFO = NO;
				SDKROOT = iphoneos;
				VALIDATE_PRODUCT = YES;
			};
			name = Release;
		};
		73B7E8811C8448530060A9D7 /* Debug */ = {
			isa = XCBuildConfiguration;
			baseConfigurationReference = FD03766D4FDDCE784A4A4EE0 /* Pods.debug.xcconfig */;
			buildSettings = {
				ASSETCATALOG_COMPILER_APPICON_NAME = AppIcon;
				GCC_PREFIX_HEADER = "/Users/jiqinqiang/Desktop/资料/找工作资料/求职/云造/Yunzao/Yunzao/PrefixHeader.pch";
				INFOPLIST_FILE = Yunzao/Info.plist;
				LD_RUNPATH_SEARCH_PATHS = "$(inherited) @executable_path/Frameworks";
				PRODUCT_BUNDLE_IDENTIFIER = com.hdb.Yunzao;
				PRODUCT_NAME = "$(TARGET_NAME)";
			};
			name = Debug;
		};
		73B7E8821C8448530060A9D7 /* Release */ = {
			isa = XCBuildConfiguration;
			baseConfigurationReference = 810F91EB6E2AE48DBF98C60D /* Pods.release.xcconfig */;
			buildSettings = {
				ASSETCATALOG_COMPILER_APPICON_NAME = AppIcon;
				GCC_PREFIX_HEADER = "/Users/jiqinqiang/Desktop/资料/找工作资料/求职/云造/Yunzao/Yunzao/PrefixHeader.pch";
				INFOPLIST_FILE = Yunzao/Info.plist;
				LD_RUNPATH_SEARCH_PATHS = "$(inherited) @executable_path/Frameworks";
				PRODUCT_BUNDLE_IDENTIFIER = com.hdb.Yunzao;
				PRODUCT_NAME = "$(TARGET_NAME)";
			};
			name = Release;
		};
/* End XCBuildConfiguration section */

/* Begin XCConfigurationList section */
		73B7E8641C8448530060A9D7 /* Build configuration list for PBXProject "Yunzao" */ = {
			isa = XCConfigurationList;
			buildConfigurations = (
				73B7E87E1C8448530060A9D7 /* Debug */,
				73B7E87F1C8448530060A9D7 /* Release */,
			);
			defaultConfigurationIsVisible = 0;
			defaultConfigurationName = Release;
		};
		73B7E8801C8448530060A9D7 /* Build configuration list for PBXNativeTarget "Yunzao" */ = {
			isa = XCConfigurationList;
			buildConfigurations = (
				73B7E8811C8448530060A9D7 /* Debug */,
				73B7E8821C8448530060A9D7 /* Release */,
			);
			defaultConfigurationIsVisible = 0;
			defaultConfigurationName = Release;
		};
/* End XCConfigurationList section */
	};
	rootObject = 73B7E8611C8448530060A9D7 /* Project object */;
}
